
Microsoft Visual Studio Solution File, Format Version 12.00
# Visual Studio Version 16
VisualStudioVersion = 16.0.29709.97
MinimumVisualStudioVersion = 10.0.40219.1
Project("{FAE04EC0-301F-11D3-BF4B-00C04F79EFBC}") = "SalesWebMvc", "SalesWebMvc\SalesWebMvc.csproj", "{AC523B0D-1A52-42CA-A8CC-5BC017A4B453}"
EndProject
Global
	GlobalSection(SolutionConfigurationPlatforms) = preSolution
		Debug|Any CPU = Debug|Any CPU
		Release|Any CPU = Release|Any CPU
	EndGlobalSection
	GlobalSection(ProjectConfigurationPlatforms) = postSolution
		{AC523B0D-1A52-42CA-A8CC-5BC017A4B453}.Debug|Any CPU.ActiveCfg = Debug|Any CPU
		{AC523B0D-1A52-42CA-A8CC-5BC017A4B453}.Debug|Any CPU.Build.0 = Debug|Any CPU
		{AC523B0D-1A52-42CA-A8CC-5BC017A4B453}.Release|Any CPU.ActiveCfg = Release|Any CPU
		{AC523B0D-1A52-42CA-A8CC-5BC017A4B453}.Release|Any CPU.Build.0 = Release|Any CPU
	EndGlobalSection
	GlobalSection(SolutionProperties) = preSolution
		HideSolutionNode = FALSE
	EndGlobalSection
	GlobalSection(ExtensibilityGlobals) = postSolution
		SolutionGuid = {86BE09D1-3386-44CE-BD23-48C175434418}
	EndGlobalSection
EndGlobal
